
Microsoft Visual Studio Solution File, Format Version 12.00
# Visual Studio 14
VisualStudioVersion = 14.0.24720.0
MinimumVisualStudioVersion = 10.0.40219.1
Project("{FAE04EC0-301F-11D3-BF4B-00C04F79EFBC}") = "CarsSystem.Models", "CarsSystem.Models\CarsSystem.Models.csproj", "{0408F9B4-6568-4B93-8B0C-157AF07FD9DA}"
EndProject
Project("{FAE04EC0-301F-11D3-BF4B-00C04F79EFBC}") = "CarsSystem.Data", "CarsSystem.Data\CarsSystem.Data.csproj", "{1337E0F1-F5D9-4180-AEA3-5DD8EDB124DA}"
EndProject
Global
	GlobalSection(SolutionConfigurationPlatforms) = preSolution
		Debug|Any CPU = Debug|Any CPU
		Release|Any CPU = Release|Any CPU
	EndGlobalSection
	GlobalSection(ProjectConfigurationPlatforms) = postSolution
		{0408F9B4-6568-4B93-8B0C-157AF07FD9DA}.Debug|Any CPU.ActiveCfg = Debug|Any CPU
		{0408F9B4-6568-4B93-8B0C-157AF07FD9DA}.Debug|Any CPU.Build.0 = Debug|Any CPU
		{0408F9B4-6568-4B93-8B0C-157AF07FD9DA}.Release|Any CPU.ActiveCfg = Release|Any CPU
		{0408F9B4-6568-4B93-8B0C-157AF07FD9DA}.Release|Any CPU.Build.0 = Release|Any CPU
		{1337E0F1-F5D9-4180-AEA3-5DD8EDB124DA}.Debug|Any CPU.ActiveCfg = Debug|Any CPU
		{1337E0F1-F5D9-4180-AEA3-5DD8EDB124DA}.Debug|Any CPU.Build.0 = Debug|Any CPU
		{1337E0F1-F5D9-4180-AEA3-5DD8EDB124DA}.Release|Any CPU.ActiveCfg = Release|Any CPU
		{1337E0F1-F5D9-4180-AEA3-5DD8EDB124DA}.Release|Any CPU.Build.0 = Release|Any CPU
	EndGlobalSection
	GlobalSection(SolutionProperties) = preSolution
		HideSolutionNode = FALSE
	EndGlobalSection
EndGlobal
