
Microsoft Visual Studio Solution File, Format Version 12.00
# Visual Studio 14
VisualStudioVersion = 14.0.24720.0
MinimumVisualStudioVersion = 10.0.40219.1
Project("{FAE04EC0-301F-11D3-BF4B-00C04F79EFBC}") = "01. NesetedLoops", "Recursion\01. NesetedLoops.csproj", "{04A837A3-FECB-4250-94A9-969CD2CE4A54}"
EndProject
Project("{FAE04EC0-301F-11D3-BF4B-00C04F79EFBC}") = "02. CombinationsWithDuplicants", "02. CombinationsWithDuplicants\02. CombinationsWithDuplicants.csproj", "{7A15A4C1-7111-4AE7-8D51-5765DC7EE9E8}"
EndProject
Project("{FAE04EC0-301F-11D3-BF4B-00C04F79EFBC}") = "03. CombinationsWithNoDuplications", "03. CombinationsWithNoDuplications\03. CombinationsWithNoDuplications.csproj", "{40E02397-AB8D-40D0-97DB-27811FDE4F04}"
EndProject
Global
	GlobalSection(SolutionConfigurationPlatforms) = preSolution
		Debug|Any CPU = Debug|Any CPU
		Release|Any CPU = Release|Any CPU
	EndGlobalSection
	GlobalSection(ProjectConfigurationPlatforms) = postSolution
		{04A837A3-FECB-4250-94A9-969CD2CE4A54}.Debug|Any CPU.ActiveCfg = Debug|Any CPU
		{04A837A3-FECB-4250-94A9-969CD2CE4A54}.Debug|Any CPU.Build.0 = Debug|Any CPU
		{04A837A3-FECB-4250-94A9-969CD2CE4A54}.Release|Any CPU.ActiveCfg = Release|Any CPU
		{04A837A3-FECB-4250-94A9-969CD2CE4A54}.Release|Any CPU.Build.0 = Release|Any CPU
		{7A15A4C1-7111-4AE7-8D51-5765DC7EE9E8}.Debug|Any CPU.ActiveCfg = Debug|Any CPU
		{7A15A4C1-7111-4AE7-8D51-5765DC7EE9E8}.Debug|Any CPU.Build.0 = Debug|Any CPU
		{7A15A4C1-7111-4AE7-8D51-5765DC7EE9E8}.Release|Any CPU.ActiveCfg = Release|Any CPU
		{7A15A4C1-7111-4AE7-8D51-5765DC7EE9E8}.Release|Any CPU.Build.0 = Release|Any CPU
		{40E02397-AB8D-40D0-97DB-27811FDE4F04}.Debug|Any CPU.ActiveCfg = Debug|Any CPU
		{40E02397-AB8D-40D0-97DB-27811FDE4F04}.Debug|Any CPU.Build.0 = Debug|Any CPU
		{40E02397-AB8D-40D0-97DB-27811FDE4F04}.Release|Any CPU.ActiveCfg = Release|Any CPU
		{40E02397-AB8D-40D0-97DB-27811FDE4F04}.Release|Any CPU.Build.0 = Release|Any CPU
	EndGlobalSection
	GlobalSection(SolutionProperties) = preSolution
		HideSolutionNode = FALSE
	EndGlobalSection
EndGlobal
