
Microsoft Visual Studio Solution File, Format Version 12.00
# Visual Studio 14
VisualStudioVersion = 14.0.24720.0
MinimumVisualStudioVersion = 10.0.40219.1
Project("{FAE04EC0-301F-11D3-BF4B-00C04F79EFBC}") = "1. Printing", "ExamPractice\1. Printing.csproj", "{7BD206BD-C222-4A92-B5E1-F74C2759F84B}"
EndProject
Project("{FAE04EC0-301F-11D3-BF4B-00C04F79EFBC}") = "2. TextToNumber", "2. TextToNumber\2. TextToNumber.csproj", "{5E8F768E-3933-4357-B171-6FF8098C1F87}"
EndProject
Project("{FAE04EC0-301F-11D3-BF4B-00C04F79EFBC}") = "Laboratory", "Laboratory\Laboratory.csproj", "{B0FE201C-BBAD-49F9-B53F-4B90B6F6E7C7}"
EndProject
Project("{FAE04EC0-301F-11D3-BF4B-00C04F79EFBC}") = "JunkCode", "JunkCode\JunkCode.csproj", "{DF085A10-81CF-4577-8AAA-18E48541E153}"
EndProject
Project("{FAE04EC0-301F-11D3-BF4B-00C04F79EFBC}") = "Spiral", "Spiral\Spiral.csproj", "{04816C8C-657F-4AC6-B7F9-BFA17D4092C2}"
EndProject
Project("{FAE04EC0-301F-11D3-BF4B-00C04F79EFBC}") = "3D", "3D\3D.csproj", "{012CF690-5620-4627-A2BC-03161F6E3E90}"
EndProject
Project("{FAE04EC0-301F-11D3-BF4B-00C04F79EFBC}") = "MollyAndMolly", "MollyAndMolly\MollyAndMolly.csproj", "{2AB3D197-26F4-4A0F-B561-995BBDA07216}"
EndProject
Project("{FAE04EC0-301F-11D3-BF4B-00C04F79EFBC}") = "Money", "Money\Money.csproj", "{D717350A-8F20-4F94-9E81-3BD651011C89}"
EndProject
Project("{FAE04EC0-301F-11D3-BF4B-00C04F79EFBC}") = "AngryFemaleGPS", "AngryFemaleGPS\AngryFemaleGPS.csproj", "{237D670A-14F7-4160-9886-49CEFB53E358}"
EndProject
Project("{FAE04EC0-301F-11D3-BF4B-00C04F79EFBC}") = "Cube", "OnesAndZeroes\Cube.csproj", "{93218179-77A7-455A-9606-CD50AA5128FF}"
EndProject
Project("{FAE04EC0-301F-11D3-BF4B-00C04F79EFBC}") = "OnesAndZeroesTry", "OnesAndZeroesTry\OnesAndZeroesTry.csproj", "{F37498BD-1180-4D0C-91F2-4D8B14560864}"
EndProject
Project("{FAE04EC0-301F-11D3-BF4B-00C04F79EFBC}") = "EleganceDrawing", "EleganceDrawing\EleganceDrawing.csproj", "{68E540CF-84FA-46C4-BB03-AB2FF63D7206}"
EndProject
Project("{FAE04EC0-301F-11D3-BF4B-00C04F79EFBC}") = "Enigmatation", "Enigmatation\Enigmatation.csproj", "{4DBA3F8E-D693-454D-AE74-377C00A40E73}"
EndProject
Project("{FAE04EC0-301F-11D3-BF4B-00C04F79EFBC}") = "EleFakenGans", "EleFakenGans\EleFakenGans.csproj", "{A6476506-AC29-407E-8049-A826A17BB5F7}"
EndProject
Project("{FAE04EC0-301F-11D3-BF4B-00C04F79EFBC}") = "TheProblem3-6-9", "TheProblem3-6-9\TheProblem3-6-9.csproj", "{B27E84DB-F553-4327-A59B-7D5A03AFE4F5}"
EndProject
Project("{FAE04EC0-301F-11D3-BF4B-00C04F79EFBC}") = "TheHorror", "TheHorror\TheHorror.csproj", "{9D1296A0-4DAD-4E0E-BAA7-651CCC70BB86}"
EndProject
Project("{FAE04EC0-301F-11D3-BF4B-00C04F79EFBC}") = "Expression", "Expression\Expression.csproj", "{380B9642-BAF9-436C-8CA4-3D0D451DBCC4}"
EndProject
Project("{FAE04EC0-301F-11D3-BF4B-00C04F79EFBC}") = "CoffeeMachine", "CoffeeMachine\CoffeeMachine.csproj", "{BB327D78-11CB-41C8-B51F-F4B1359403C0}"
EndProject
Project("{FAE04EC0-301F-11D3-BF4B-00C04F79EFBC}") = "DrunkenNumbers", "DrunkenNumbers\DrunkenNumbers.csproj", "{2ACA63DF-DC16-4E0A-A36A-5F36081C7B4E}"
EndProject
Project("{FAE04EC0-301F-11D3-BF4B-00C04F79EFBC}") = "BullsAndCows", "BullsAndCows\BullsAndCows.csproj", "{700FF587-08CE-4635-B08F-731C663D6807}"
EndProject
Project("{FAE04EC0-301F-11D3-BF4B-00C04F79EFBC}") = "FireInTheMatrix", "FireInTheMatrix\FireInTheMatrix.csproj", "{2C8DE019-D740-4F84-A8F5-4DFCB77AD900}"
EndProject
Project("{FAE04EC0-301F-11D3-BF4B-00C04F79EFBC}") = "FireInMatrixNIKI", "FireInMatrixNIKI\FireInMatrixNIKI.csproj", "{2E612073-BFA3-4071-A0B8-0E3297CA92AD}"
EndProject
Project("{FAE04EC0-301F-11D3-BF4B-00C04F79EFBC}") = "Practice", "Practice\Practice.csproj", "{E5409B13-57F4-4AB2-B28D-DB786AA75680}"
EndProject
Project("{FAE04EC0-301F-11D3-BF4B-00C04F79EFBC}") = "ThreeNumbers", "asdf\ThreeNumbers.csproj", "{11802A83-2E40-4CE1-9AA9-9BD557627EB1}"
EndProject
Project("{FAE04EC0-301F-11D3-BF4B-00C04F79EFBC}") = "Decoding", "Decoding\Decoding.csproj", "{FFDD8882-66E0-43C8-B5FD-D68BE6FC4EA0}"
EndProject
Project("{FAE04EC0-301F-11D3-BF4B-00C04F79EFBC}") = "PersianRugs", "ConsoleAplication1\PersianRugs.csproj", "{BD500D6F-FCDB-496E-8173-18202752A30E}"
EndProject
Project("{FAE04EC0-301F-11D3-BF4B-00C04F79EFBC}") = "ConsoleApplication1", "ConsoleApplication1\ConsoleApplication1.csproj", "{057BA8E1-0295-42F3-954C-2577F1684CE3}"
EndProject
Global
	GlobalSection(SolutionConfigurationPlatforms) = preSolution
		Debug|Any CPU = Debug|Any CPU
		Release|Any CPU = Release|Any CPU
	EndGlobalSection
	GlobalSection(ProjectConfigurationPlatforms) = postSolution
		{7BD206BD-C222-4A92-B5E1-F74C2759F84B}.Debug|Any CPU.ActiveCfg = Debug|Any CPU
		{7BD206BD-C222-4A92-B5E1-F74C2759F84B}.Debug|Any CPU.Build.0 = Debug|Any CPU
		{7BD206BD-C222-4A92-B5E1-F74C2759F84B}.Release|Any CPU.ActiveCfg = Release|Any CPU
		{7BD206BD-C222-4A92-B5E1-F74C2759F84B}.Release|Any CPU.Build.0 = Release|Any CPU
		{5E8F768E-3933-4357-B171-6FF8098C1F87}.Debug|Any CPU.ActiveCfg = Debug|Any CPU
		{5E8F768E-3933-4357-B171-6FF8098C1F87}.Debug|Any CPU.Build.0 = Debug|Any CPU
		{5E8F768E-3933-4357-B171-6FF8098C1F87}.Release|Any CPU.ActiveCfg = Release|Any CPU
		{5E8F768E-3933-4357-B171-6FF8098C1F87}.Release|Any CPU.Build.0 = Release|Any CPU
		{B0FE201C-BBAD-49F9-B53F-4B90B6F6E7C7}.Debug|Any CPU.ActiveCfg = Debug|Any CPU
		{B0FE201C-BBAD-49F9-B53F-4B90B6F6E7C7}.Debug|Any CPU.Build.0 = Debug|Any CPU
		{B0FE201C-BBAD-49F9-B53F-4B90B6F6E7C7}.Release|Any CPU.ActiveCfg = Release|Any CPU
		{B0FE201C-BBAD-49F9-B53F-4B90B6F6E7C7}.Release|Any CPU.Build.0 = Release|Any CPU
		{DF085A10-81CF-4577-8AAA-18E48541E153}.Debug|Any CPU.ActiveCfg = Debug|Any CPU
		{DF085A10-81CF-4577-8AAA-18E48541E153}.Debug|Any CPU.Build.0 = Debug|Any CPU
		{DF085A10-81CF-4577-8AAA-18E48541E153}.Release|Any CPU.ActiveCfg = Release|Any CPU
		{DF085A10-81CF-4577-8AAA-18E48541E153}.Release|Any CPU.Build.0 = Release|Any CPU
		{04816C8C-657F-4AC6-B7F9-BFA17D4092C2}.Debug|Any CPU.ActiveCfg = Debug|Any CPU
		{04816C8C-657F-4AC6-B7F9-BFA17D4092C2}.Debug|Any CPU.Build.0 = Debug|Any CPU
		{04816C8C-657F-4AC6-B7F9-BFA17D4092C2}.Release|Any CPU.ActiveCfg = Release|Any CPU
		{04816C8C-657F-4AC6-B7F9-BFA17D4092C2}.Release|Any CPU.Build.0 = Release|Any CPU
		{012CF690-5620-4627-A2BC-03161F6E3E90}.Debug|Any CPU.ActiveCfg = Debug|Any CPU
		{012CF690-5620-4627-A2BC-03161F6E3E90}.Debug|Any CPU.Build.0 = Debug|Any CPU
		{012CF690-5620-4627-A2BC-03161F6E3E90}.Release|Any CPU.ActiveCfg = Release|Any CPU
		{012CF690-5620-4627-A2BC-03161F6E3E90}.Release|Any CPU.Build.0 = Release|Any CPU
		{2AB3D197-26F4-4A0F-B561-995BBDA07216}.Debug|Any CPU.ActiveCfg = Debug|Any CPU
		{2AB3D197-26F4-4A0F-B561-995BBDA07216}.Debug|Any CPU.Build.0 = Debug|Any CPU
		{2AB3D197-26F4-4A0F-B561-995BBDA07216}.Release|Any CPU.ActiveCfg = Release|Any CPU
		{2AB3D197-26F4-4A0F-B561-995BBDA07216}.Release|Any CPU.Build.0 = Release|Any CPU
		{D717350A-8F20-4F94-9E81-3BD651011C89}.Debug|Any CPU.ActiveCfg = Debug|Any CPU
		{D717350A-8F20-4F94-9E81-3BD651011C89}.Debug|Any CPU.Build.0 = Debug|Any CPU
		{D717350A-8F20-4F94-9E81-3BD651011C89}.Release|Any CPU.ActiveCfg = Release|Any CPU
		{D717350A-8F20-4F94-9E81-3BD651011C89}.Release|Any CPU.Build.0 = Release|Any CPU
		{237D670A-14F7-4160-9886-49CEFB53E358}.Debug|Any CPU.ActiveCfg = Debug|Any CPU
		{237D670A-14F7-4160-9886-49CEFB53E358}.Debug|Any CPU.Build.0 = Debug|Any CPU
		{237D670A-14F7-4160-9886-49CEFB53E358}.Release|Any CPU.ActiveCfg = Release|Any CPU
		{237D670A-14F7-4160-9886-49CEFB53E358}.Release|Any CPU.Build.0 = Release|Any CPU
		{93218179-77A7-455A-9606-CD50AA5128FF}.Debug|Any CPU.ActiveCfg = Debug|Any CPU
		{93218179-77A7-455A-9606-CD50AA5128FF}.Debug|Any CPU.Build.0 = Debug|Any CPU
		{93218179-77A7-455A-9606-CD50AA5128FF}.Release|Any CPU.ActiveCfg = Release|Any CPU
		{93218179-77A7-455A-9606-CD50AA5128FF}.Release|Any CPU.Build.0 = Release|Any CPU
		{F37498BD-1180-4D0C-91F2-4D8B14560864}.Debug|Any CPU.ActiveCfg = Debug|Any CPU
		{F37498BD-1180-4D0C-91F2-4D8B14560864}.Debug|Any CPU.Build.0 = Debug|Any CPU
		{F37498BD-1180-4D0C-91F2-4D8B14560864}.Release|Any CPU.ActiveCfg = Release|Any CPU
		{F37498BD-1180-4D0C-91F2-4D8B14560864}.Release|Any CPU.Build.0 = Release|Any CPU
		{68E540CF-84FA-46C4-BB03-AB2FF63D7206}.Debug|Any CPU.ActiveCfg = Debug|Any CPU
		{68E540CF-84FA-46C4-BB03-AB2FF63D7206}.Debug|Any CPU.Build.0 = Debug|Any CPU
		{68E540CF-84FA-46C4-BB03-AB2FF63D7206}.Release|Any CPU.ActiveCfg = Release|Any CPU
		{68E540CF-84FA-46C4-BB03-AB2FF63D7206}.Release|Any CPU.Build.0 = Release|Any CPU
		{4DBA3F8E-D693-454D-AE74-377C00A40E73}.Debug|Any CPU.ActiveCfg = Debug|Any CPU
		{4DBA3F8E-D693-454D-AE74-377C00A40E73}.Debug|Any CPU.Build.0 = Debug|Any CPU
		{4DBA3F8E-D693-454D-AE74-377C00A40E73}.Release|Any CPU.ActiveCfg = Release|Any CPU
		{4DBA3F8E-D693-454D-AE74-377C00A40E73}.Release|Any CPU.Build.0 = Release|Any CPU
		{A6476506-AC29-407E-8049-A826A17BB5F7}.Debug|Any CPU.ActiveCfg = Debug|Any CPU
		{A6476506-AC29-407E-8049-A826A17BB5F7}.Debug|Any CPU.Build.0 = Debug|Any CPU
		{A6476506-AC29-407E-8049-A826A17BB5F7}.Release|Any CPU.ActiveCfg = Release|Any CPU
		{A6476506-AC29-407E-8049-A826A17BB5F7}.Release|Any CPU.Build.0 = Release|Any CPU
		{B27E84DB-F553-4327-A59B-7D5A03AFE4F5}.Debug|Any CPU.ActiveCfg = Debug|Any CPU
		{B27E84DB-F553-4327-A59B-7D5A03AFE4F5}.Debug|Any CPU.Build.0 = Debug|Any CPU
		{B27E84DB-F553-4327-A59B-7D5A03AFE4F5}.Release|Any CPU.ActiveCfg = Release|Any CPU
		{B27E84DB-F553-4327-A59B-7D5A03AFE4F5}.Release|Any CPU.Build.0 = Release|Any CPU
		{9D1296A0-4DAD-4E0E-BAA7-651CCC70BB86}.Debug|Any CPU.ActiveCfg = Debug|Any CPU
		{9D1296A0-4DAD-4E0E-BAA7-651CCC70BB86}.Debug|Any CPU.Build.0 = Debug|Any CPU
		{9D1296A0-4DAD-4E0E-BAA7-651CCC70BB86}.Release|Any CPU.ActiveCfg = Release|Any CPU
		{9D1296A0-4DAD-4E0E-BAA7-651CCC70BB86}.Release|Any CPU.Build.0 = Release|Any CPU
		{380B9642-BAF9-436C-8CA4-3D0D451DBCC4}.Debug|Any CPU.ActiveCfg = Debug|Any CPU
		{380B9642-BAF9-436C-8CA4-3D0D451DBCC4}.Debug|Any CPU.Build.0 = Debug|Any CPU
		{380B9642-BAF9-436C-8CA4-3D0D451DBCC4}.Release|Any CPU.ActiveCfg = Release|Any CPU
		{380B9642-BAF9-436C-8CA4-3D0D451DBCC4}.Release|Any CPU.Build.0 = Release|Any CPU
		{BB327D78-11CB-41C8-B51F-F4B1359403C0}.Debug|Any CPU.ActiveCfg = Debug|Any CPU
		{BB327D78-11CB-41C8-B51F-F4B1359403C0}.Debug|Any CPU.Build.0 = Debug|Any CPU
		{BB327D78-11CB-41C8-B51F-F4B1359403C0}.Release|Any CPU.ActiveCfg = Release|Any CPU
		{BB327D78-11CB-41C8-B51F-F4B1359403C0}.Release|Any CPU.Build.0 = Release|Any CPU
		{2ACA63DF-DC16-4E0A-A36A-5F36081C7B4E}.Debug|Any CPU.ActiveCfg = Debug|Any CPU
		{2ACA63DF-DC16-4E0A-A36A-5F36081C7B4E}.Debug|Any CPU.Build.0 = Debug|Any CPU
		{2ACA63DF-DC16-4E0A-A36A-5F36081C7B4E}.Release|Any CPU.ActiveCfg = Release|Any CPU
		{2ACA63DF-DC16-4E0A-A36A-5F36081C7B4E}.Release|Any CPU.Build.0 = Release|Any CPU
		{700FF587-08CE-4635-B08F-731C663D6807}.Debug|Any CPU.ActiveCfg = Debug|Any CPU
		{700FF587-08CE-4635-B08F-731C663D6807}.Debug|Any CPU.Build.0 = Debug|Any CPU
		{700FF587-08CE-4635-B08F-731C663D6807}.Release|Any CPU.ActiveCfg = Release|Any CPU
		{700FF587-08CE-4635-B08F-731C663D6807}.Release|Any CPU.Build.0 = Release|Any CPU
		{2C8DE019-D740-4F84-A8F5-4DFCB77AD900}.Debug|Any CPU.ActiveCfg = Debug|Any CPU
		{2C8DE019-D740-4F84-A8F5-4DFCB77AD900}.Debug|Any CPU.Build.0 = Debug|Any CPU
		{2C8DE019-D740-4F84-A8F5-4DFCB77AD900}.Release|Any CPU.ActiveCfg = Release|Any CPU
		{2C8DE019-D740-4F84-A8F5-4DFCB77AD900}.Release|Any CPU.Build.0 = Release|Any CPU
		{2E612073-BFA3-4071-A0B8-0E3297CA92AD}.Debug|Any CPU.ActiveCfg = Debug|Any CPU
		{2E612073-BFA3-4071-A0B8-0E3297CA92AD}.Debug|Any CPU.Build.0 = Debug|Any CPU
		{2E612073-BFA3-4071-A0B8-0E3297CA92AD}.Release|Any CPU.ActiveCfg = Release|Any CPU
		{2E612073-BFA3-4071-A0B8-0E3297CA92AD}.Release|Any CPU.Build.0 = Release|Any CPU
		{E5409B13-57F4-4AB2-B28D-DB786AA75680}.Debug|Any CPU.ActiveCfg = Debug|Any CPU
		{E5409B13-57F4-4AB2-B28D-DB786AA75680}.Debug|Any CPU.Build.0 = Debug|Any CPU
		{E5409B13-57F4-4AB2-B28D-DB786AA75680}.Release|Any CPU.ActiveCfg = Release|Any CPU
		{E5409B13-57F4-4AB2-B28D-DB786AA75680}.Release|Any CPU.Build.0 = Release|Any CPU
		{11802A83-2E40-4CE1-9AA9-9BD557627EB1}.Debug|Any CPU.ActiveCfg = Debug|Any CPU
		{11802A83-2E40-4CE1-9AA9-9BD557627EB1}.Debug|Any CPU.Build.0 = Debug|Any CPU
		{11802A83-2E40-4CE1-9AA9-9BD557627EB1}.Release|Any CPU.ActiveCfg = Release|Any CPU
		{11802A83-2E40-4CE1-9AA9-9BD557627EB1}.Release|Any CPU.Build.0 = Release|Any CPU
		{FFDD8882-66E0-43C8-B5FD-D68BE6FC4EA0}.Debug|Any CPU.ActiveCfg = Debug|Any CPU
		{FFDD8882-66E0-43C8-B5FD-D68BE6FC4EA0}.Debug|Any CPU.Build.0 = Debug|Any CPU
		{FFDD8882-66E0-43C8-B5FD-D68BE6FC4EA0}.Release|Any CPU.ActiveCfg = Release|Any CPU
		{FFDD8882-66E0-43C8-B5FD-D68BE6FC4EA0}.Release|Any CPU.Build.0 = Release|Any CPU
		{BD500D6F-FCDB-496E-8173-18202752A30E}.Debug|Any CPU.ActiveCfg = Debug|Any CPU
		{BD500D6F-FCDB-496E-8173-18202752A30E}.Debug|Any CPU.Build.0 = Debug|Any CPU
		{BD500D6F-FCDB-496E-8173-18202752A30E}.Release|Any CPU.ActiveCfg = Release|Any CPU
		{BD500D6F-FCDB-496E-8173-18202752A30E}.Release|Any CPU.Build.0 = Release|Any CPU
		{057BA8E1-0295-42F3-954C-2577F1684CE3}.Debug|Any CPU.ActiveCfg = Debug|Any CPU
		{057BA8E1-0295-42F3-954C-2577F1684CE3}.Debug|Any CPU.Build.0 = Debug|Any CPU
		{057BA8E1-0295-42F3-954C-2577F1684CE3}.Release|Any CPU.ActiveCfg = Release|Any CPU
		{057BA8E1-0295-42F3-954C-2577F1684CE3}.Release|Any CPU.Build.0 = Release|Any CPU
	EndGlobalSection
	GlobalSection(SolutionProperties) = preSolution
		HideSolutionNode = FALSE
	EndGlobalSection
EndGlobal
