
Microsoft Visual Studio Solution File, Format Version 12.00
# Visual Studio 15
VisualStudioVersion = 15.0.28307.539
MinimumVisualStudioVersion = 10.0.40219.1
Project("{FAE04EC0-301F-11D3-BF4B-00C04F79EFBC}") = "SampleApp", "SampleApp\SampleApp.csproj", "{404983F7-BA4E-4863-92D1-41C38245CD8D}"
EndProject
Global
	GlobalSection(SolutionConfigurationPlatforms) = preSolution
		Debug|Any CPU = Debug|Any CPU
		Release|Any CPU = Release|Any CPU
	EndGlobalSection
	GlobalSection(ProjectConfigurationPlatforms) = postSolution
		{404983F7-BA4E-4863-92D1-41C38245CD8D}.Debug|Any CPU.ActiveCfg = Debug|Any CPU
		{404983F7-BA4E-4863-92D1-41C38245CD8D}.Debug|Any CPU.Build.0 = Debug|Any CPU
		{404983F7-BA4E-4863-92D1-41C38245CD8D}.Release|Any CPU.ActiveCfg = Release|Any CPU
		{404983F7-BA4E-4863-92D1-41C38245CD8D}.Release|Any CPU.Build.0 = Release|Any CPU
	EndGlobalSection
	GlobalSection(SolutionProperties) = preSolution
		HideSolutionNode = FALSE
	EndGlobalSection
	GlobalSection(ExtensibilityGlobals) = postSolution
		SolutionGuid = {40DD2B35-E771-42F4-BA2A-ACB67C84351A}
	EndGlobalSection
EndGlobal
