
Microsoft Visual Studio Solution File, Format Version 12.00
# Visual Studio 14
VisualStudioVersion = 14.0.25123.0
MinimumVisualStudioVersion = 10.0.40219.1
Project("{FAE04EC0-301F-11D3-BF4B-00C04F79EFBC}") = "Laboratory", "ExamPractice-2\Laboratory.csproj", "{74FEA256-C185-4D8E-BC7B-CF3437FE08B2}"
EndProject
Project("{FAE04EC0-301F-11D3-BF4B-00C04F79EFBC}") = "2. MagicWords", "2. MagicWords\2. MagicWords.csproj", "{9BB0CA3A-1EB4-44B7-AB1C-FCFF178EB787}"
EndProject
Project("{FAE04EC0-301F-11D3-BF4B-00C04F79EFBC}") = "1. MultiverseCommunication", "1. MultiverseCommunication\1. MultiverseCommunication.csproj", "{AB483C55-DB6C-416B-BE55-3CEB00829333}"
EndProject
Project("{FAE04EC0-301F-11D3-BF4B-00C04F79EFBC}") = "1. CalculateProblem", "1. CalculateProblem\1. CalculateProblem.csproj", "{2BE615A0-3C48-4E09-939D-142271B98757}"
EndProject
Project("{FAE04EC0-301F-11D3-BF4B-00C04F79EFBC}") = "002. Magic Letters", "002. Magic Letters\002. Magic Letters.csproj", "{915FDA99-191A-4BA0-B085-305F64C0D7CB}"
EndProject
Project("{FAE04EC0-301F-11D3-BF4B-00C04F79EFBC}") = "TestArea", "TestArea\TestArea.csproj", "{BB062018-0761-47EF-9007-E539C862E594}"
EndProject
Project("{FAE04EC0-301F-11D3-BF4B-00C04F79EFBC}") = "1. TRES4 Numbers - Niki", "1. TRES4 Numbers - Niki\1. TRES4 Numbers - Niki.csproj", "{07FA1968-E525-4923-BE4E-F0B39E2381D1}"
EndProject
Project("{FAE04EC0-301F-11D3-BF4B-00C04F79EFBC}") = "5. They are Green", "5. They are Green\5. They are Green.csproj", "{8E56795C-77D0-4E22-BBAB-786740A9138E}"
EndProject
Global
	GlobalSection(SolutionConfigurationPlatforms) = preSolution
		Debug|Any CPU = Debug|Any CPU
		Release|Any CPU = Release|Any CPU
	EndGlobalSection
	GlobalSection(ProjectConfigurationPlatforms) = postSolution
		{74FEA256-C185-4D8E-BC7B-CF3437FE08B2}.Debug|Any CPU.ActiveCfg = Debug|Any CPU
		{74FEA256-C185-4D8E-BC7B-CF3437FE08B2}.Debug|Any CPU.Build.0 = Debug|Any CPU
		{74FEA256-C185-4D8E-BC7B-CF3437FE08B2}.Release|Any CPU.ActiveCfg = Release|Any CPU
		{74FEA256-C185-4D8E-BC7B-CF3437FE08B2}.Release|Any CPU.Build.0 = Release|Any CPU
		{9BB0CA3A-1EB4-44B7-AB1C-FCFF178EB787}.Debug|Any CPU.ActiveCfg = Debug|Any CPU
		{9BB0CA3A-1EB4-44B7-AB1C-FCFF178EB787}.Debug|Any CPU.Build.0 = Debug|Any CPU
		{9BB0CA3A-1EB4-44B7-AB1C-FCFF178EB787}.Release|Any CPU.ActiveCfg = Release|Any CPU
		{9BB0CA3A-1EB4-44B7-AB1C-FCFF178EB787}.Release|Any CPU.Build.0 = Release|Any CPU
		{AB483C55-DB6C-416B-BE55-3CEB00829333}.Debug|Any CPU.ActiveCfg = Debug|Any CPU
		{AB483C55-DB6C-416B-BE55-3CEB00829333}.Debug|Any CPU.Build.0 = Debug|Any CPU
		{AB483C55-DB6C-416B-BE55-3CEB00829333}.Release|Any CPU.ActiveCfg = Release|Any CPU
		{AB483C55-DB6C-416B-BE55-3CEB00829333}.Release|Any CPU.Build.0 = Release|Any CPU
		{2BE615A0-3C48-4E09-939D-142271B98757}.Debug|Any CPU.ActiveCfg = Debug|Any CPU
		{2BE615A0-3C48-4E09-939D-142271B98757}.Debug|Any CPU.Build.0 = Debug|Any CPU
		{2BE615A0-3C48-4E09-939D-142271B98757}.Release|Any CPU.ActiveCfg = Release|Any CPU
		{2BE615A0-3C48-4E09-939D-142271B98757}.Release|Any CPU.Build.0 = Release|Any CPU
		{915FDA99-191A-4BA0-B085-305F64C0D7CB}.Debug|Any CPU.ActiveCfg = Debug|Any CPU
		{915FDA99-191A-4BA0-B085-305F64C0D7CB}.Debug|Any CPU.Build.0 = Debug|Any CPU
		{915FDA99-191A-4BA0-B085-305F64C0D7CB}.Release|Any CPU.ActiveCfg = Release|Any CPU
		{915FDA99-191A-4BA0-B085-305F64C0D7CB}.Release|Any CPU.Build.0 = Release|Any CPU
		{BB062018-0761-47EF-9007-E539C862E594}.Debug|Any CPU.ActiveCfg = Debug|Any CPU
		{BB062018-0761-47EF-9007-E539C862E594}.Debug|Any CPU.Build.0 = Debug|Any CPU
		{BB062018-0761-47EF-9007-E539C862E594}.Release|Any CPU.ActiveCfg = Release|Any CPU
		{BB062018-0761-47EF-9007-E539C862E594}.Release|Any CPU.Build.0 = Release|Any CPU
		{07FA1968-E525-4923-BE4E-F0B39E2381D1}.Debug|Any CPU.ActiveCfg = Debug|Any CPU
		{07FA1968-E525-4923-BE4E-F0B39E2381D1}.Debug|Any CPU.Build.0 = Debug|Any CPU
		{07FA1968-E525-4923-BE4E-F0B39E2381D1}.Release|Any CPU.ActiveCfg = Release|Any CPU
		{07FA1968-E525-4923-BE4E-F0B39E2381D1}.Release|Any CPU.Build.0 = Release|Any CPU
		{8E56795C-77D0-4E22-BBAB-786740A9138E}.Debug|Any CPU.ActiveCfg = Debug|Any CPU
		{8E56795C-77D0-4E22-BBAB-786740A9138E}.Debug|Any CPU.Build.0 = Debug|Any CPU
		{8E56795C-77D0-4E22-BBAB-786740A9138E}.Release|Any CPU.ActiveCfg = Release|Any CPU
		{8E56795C-77D0-4E22-BBAB-786740A9138E}.Release|Any CPU.Build.0 = Release|Any CPU
	EndGlobalSection
	GlobalSection(SolutionProperties) = preSolution
		HideSolutionNode = FALSE
	EndGlobalSection
EndGlobal
