
Microsoft Visual Studio Solution File, Format Version 12.00
# Visual Studio Version 16
VisualStudioVersion = 16.0.28803.202
MinimumVisualStudioVersion = 10.0.40219.1
Project("{FAE04EC0-301F-11D3-BF4B-00C04F79EFBC}") = "GorubleneDealer.Web", "GorubleneDealer.Web\GorubleneDealer.Web.csproj", "{199BA0F1-0C4A-4588-AB7B-B7B8C2753A20}"
EndProject
Project("{FAE04EC0-301F-11D3-BF4B-00C04F79EFBC}") = "GorubleneDealer.Data", "..\ClassLibrary1\GorubleneDealer.Data.csproj", "{927404CF-492E-427C-A627-FC5F98B75D53}"
EndProject
Global
	GlobalSection(SolutionConfigurationPlatforms) = preSolution
		Debug|Any CPU = Debug|Any CPU
		Release|Any CPU = Release|Any CPU
	EndGlobalSection
	GlobalSection(ProjectConfigurationPlatforms) = postSolution
		{199BA0F1-0C4A-4588-AB7B-B7B8C2753A20}.Debug|Any CPU.ActiveCfg = Debug|Any CPU
		{199BA0F1-0C4A-4588-AB7B-B7B8C2753A20}.Debug|Any CPU.Build.0 = Debug|Any CPU
		{199BA0F1-0C4A-4588-AB7B-B7B8C2753A20}.Release|Any CPU.ActiveCfg = Release|Any CPU
		{199BA0F1-0C4A-4588-AB7B-B7B8C2753A20}.Release|Any CPU.Build.0 = Release|Any CPU
		{927404CF-492E-427C-A627-FC5F98B75D53}.Debug|Any CPU.ActiveCfg = Debug|Any CPU
		{927404CF-492E-427C-A627-FC5F98B75D53}.Debug|Any CPU.Build.0 = Debug|Any CPU
		{927404CF-492E-427C-A627-FC5F98B75D53}.Release|Any CPU.ActiveCfg = Release|Any CPU
		{927404CF-492E-427C-A627-FC5F98B75D53}.Release|Any CPU.Build.0 = Release|Any CPU
	EndGlobalSection
	GlobalSection(SolutionProperties) = preSolution
		HideSolutionNode = FALSE
	EndGlobalSection
	GlobalSection(ExtensibilityGlobals) = postSolution
		SolutionGuid = {00305A81-EAD1-4D41-BE85-921ADE4ADFC6}
	EndGlobalSection
EndGlobal
