
Microsoft Visual Studio Solution File, Format Version 12.00
# Visual Studio 15
VisualStudioVersion = 15.0.28307.572
MinimumVisualStudioVersion = 10.0.40219.1
Project("{FAE04EC0-301F-11D3-BF4B-00C04F79EFBC}") = "DogsServer", "DogsServer\DogsServer.csproj", "{A2D5D228-8095-49C7-976E-2CB959E32B74}"
EndProject
Global
	GlobalSection(SolutionConfigurationPlatforms) = preSolution
		Debug|Any CPU = Debug|Any CPU
		Release|Any CPU = Release|Any CPU
	EndGlobalSection
	GlobalSection(ProjectConfigurationPlatforms) = postSolution
		{A2D5D228-8095-49C7-976E-2CB959E32B74}.Debug|Any CPU.ActiveCfg = Debug|Any CPU
		{A2D5D228-8095-49C7-976E-2CB959E32B74}.Debug|Any CPU.Build.0 = Debug|Any CPU
		{A2D5D228-8095-49C7-976E-2CB959E32B74}.Release|Any CPU.ActiveCfg = Release|Any CPU
		{A2D5D228-8095-49C7-976E-2CB959E32B74}.Release|Any CPU.Build.0 = Release|Any CPU
	EndGlobalSection
	GlobalSection(SolutionProperties) = preSolution
		HideSolutionNode = FALSE
	EndGlobalSection
	GlobalSection(ExtensibilityGlobals) = postSolution
		SolutionGuid = {155EFB3F-15F7-48F2-AD5A-AC18B05BF1B6}
	EndGlobalSection
EndGlobal
