
Microsoft Visual Studio Solution File, Format Version 12.00
# Visual Studio Version 16
VisualStudioVersion = 16.0.28803.202
MinimumVisualStudioVersion = 10.0.40219.1
Project("{FAE04EC0-301F-11D3-BF4B-00C04F79EFBC}") = "CarDealer.Web", "CarDealer.Web\CarDealer.Web.csproj", "{C8F59691-E841-4EEE-9F5F-923960CB8ED2}"
EndProject
Project("{FAE04EC0-301F-11D3-BF4B-00C04F79EFBC}") = "CarDealer.Data", "CarDealer.Data\CarDealer.Data.csproj", "{978FF9B3-3059-4609-8B8E-88499DE325DB}"
EndProject
Global
	GlobalSection(SolutionConfigurationPlatforms) = preSolution
		Debug|Any CPU = Debug|Any CPU
		Release|Any CPU = Release|Any CPU
	EndGlobalSection
	GlobalSection(ProjectConfigurationPlatforms) = postSolution
		{C8F59691-E841-4EEE-9F5F-923960CB8ED2}.Debug|Any CPU.ActiveCfg = Debug|Any CPU
		{C8F59691-E841-4EEE-9F5F-923960CB8ED2}.Debug|Any CPU.Build.0 = Debug|Any CPU
		{C8F59691-E841-4EEE-9F5F-923960CB8ED2}.Release|Any CPU.ActiveCfg = Release|Any CPU
		{C8F59691-E841-4EEE-9F5F-923960CB8ED2}.Release|Any CPU.Build.0 = Release|Any CPU
		{978FF9B3-3059-4609-8B8E-88499DE325DB}.Debug|Any CPU.ActiveCfg = Debug|Any CPU
		{978FF9B3-3059-4609-8B8E-88499DE325DB}.Debug|Any CPU.Build.0 = Debug|Any CPU
		{978FF9B3-3059-4609-8B8E-88499DE325DB}.Release|Any CPU.ActiveCfg = Release|Any CPU
		{978FF9B3-3059-4609-8B8E-88499DE325DB}.Release|Any CPU.Build.0 = Release|Any CPU
	EndGlobalSection
	GlobalSection(SolutionProperties) = preSolution
		HideSolutionNode = FALSE
	EndGlobalSection
	GlobalSection(ExtensibilityGlobals) = postSolution
		SolutionGuid = {2C904852-A73D-4A51-ACFE-A723E200DE66}
	EndGlobalSection
EndGlobal
