
Microsoft Visual Studio Solution File, Format Version 12.00
# Visual Studio 15
VisualStudioVersion = 15.0.27428.1
MinimumVisualStudioVersion = 10.0.40219.1
Project("{FAE04EC0-301F-11D3-BF4B-00C04F79EFBC}") = "CatsServer", "CatsServer\CatsServer.csproj", "{DF58DCE2-E910-4F34-A43B-7526F0FD5E96}"
EndProject
Global
	GlobalSection(SolutionConfigurationPlatforms) = preSolution
		Debug|Any CPU = Debug|Any CPU
		Release|Any CPU = Release|Any CPU
	EndGlobalSection
	GlobalSection(ProjectConfigurationPlatforms) = postSolution
		{DF58DCE2-E910-4F34-A43B-7526F0FD5E96}.Debug|Any CPU.ActiveCfg = Debug|Any CPU
		{DF58DCE2-E910-4F34-A43B-7526F0FD5E96}.Debug|Any CPU.Build.0 = Debug|Any CPU
		{DF58DCE2-E910-4F34-A43B-7526F0FD5E96}.Release|Any CPU.ActiveCfg = Release|Any CPU
		{DF58DCE2-E910-4F34-A43B-7526F0FD5E96}.Release|Any CPU.Build.0 = Release|Any CPU
	EndGlobalSection
	GlobalSection(SolutionProperties) = preSolution
		HideSolutionNode = FALSE
	EndGlobalSection
	GlobalSection(ExtensibilityGlobals) = postSolution
		SolutionGuid = {7BFB3869-ADD4-4E76-9102-E94DF51AE866}
	EndGlobalSection
EndGlobal
